{
  "originHash" : "467cd61c9fe509b753f1e14ae52706285765bbcea7e71ba45501a10533d127d7",
  "pins" : [
    {
      "identity" : "tomldecoder",
      "kind" : "remoteSourceControl",
      "location" : "https://github.com/dduan/TOMLDecoder.git",
      "state" : {
        "revision" : "a2bbd2796fe3064e107de18cb56031052c4fa899",
        "version" : "0.4.5"
      }
    }
  ],
  "version" : 3
}
