{
  "originHash" : "742b927608e55f8b39097bcbd0663a68ef6e70a81924259f88070b10d6762c44",
  "pins" : [
    {
      "identity" : "tomldecoder",
      "kind" : "remoteSourceControl",
      "location" : "https://github.com/dduan/TOMLDecoder.git",
      "state" : {
        "revision" : "a2bbd2796fe3064e107de18cb56031052c4fa899",
        "version" : "0.4.5"
      }
    }
  ],
  "version" : 3
}
