// !$*UTF8*$!
{
	archiveVersion = 1;
	classes = {
	};
	objectVersion = 56;
	objects = {

/* Begin PBXBuildFile section */
		A00000000000000000000014 /* Assets.xcassets in Resources */ = {isa = PBXBuildFile; fileRef = A00000000000000000000015 /* Assets.xcassets */; };
		A00000000000000000000001 /* main.swift in Sources */ = {isa = PBXBuildFile; fileRef = A00000000000000000000002 /* main.swift */; };
		A00000000000000000000010 /* libvelokit.a in Frameworks */ = {isa = PBXBuildFile; fileRef = A00000000000000000000011 /* libvelokit.a */; };
		A00000000000000000000019 /* VelocittyConfiguration in Frameworks */ = {isa = PBXBuildFile; productRef = A00000000000000000000018 /* VelocittyConfiguration */; };
		B00000000000000000000002 = {isa = PBXBuildFile; fileRef = B00000000000000000000001; };
		B00000000000000000000004 = {isa = PBXBuildFile; fileRef = B00000000000000000000003; };
		B00000000000000000000006 = {isa = PBXBuildFile; fileRef = B00000000000000000000005; };
		B00000000000000000000008 = {isa = PBXBuildFile; fileRef = B00000000000000000000007; };
        C00000000000000000000002 = {isa = PBXBuildFile; fileRef = C00000000000000000000003; };
        C00000000000000000000004 = {isa = PBXBuildFile; fileRef = C00000000000000000000005; };
        D00000000000000000000002 = {isa = PBXBuildFile; fileRef = D00000000000000000000001; };
        D00000000000000000000004 = {isa = PBXBuildFile; fileRef = D00000000000000000000003; };
        D00000000000000000000006 = {isa = PBXBuildFile; fileRef = D00000000000000000000005; };
        D00000000000000000000008 = {isa = PBXBuildFile; fileRef = D00000000000000000000007; };
        E00000000000000000000002 = {isa = PBXBuildFile; fileRef = E00000000000000000000001; };
        E00000000000000000000004 = {isa = PBXBuildFile; fileRef = E00000000000000000000003; };
        E00000000000000000000006 = {isa = PBXBuildFile; fileRef = E00000000000000000000005; };
		F00000000000000000000007 = { isa = PBXBuildFile; fileRef = F00000000000000000000001; };
		F00000000000000000000009 = { isa = PBXBuildFile; fileRef = A00000000000000000000011; };
		F00000000000000000000010 = { isa = PBXBuildFile; fileRef = B00000000000000000000001; };
		F00000000000000000000011 = { isa = PBXBuildFile; fileRef = B00000000000000000000003; };
		F00000000000000000000012 = { isa = PBXBuildFile; fileRef = B00000000000000000000005; };
		F00000000000000000000013 = { isa = PBXBuildFile; fileRef = B00000000000000000000007; };
		F00000000000000000000014 = { isa = PBXBuildFile; fileRef = D00000000000000000000001; };
		F00000000000000000000015 = { isa = PBXBuildFile; fileRef = D00000000000000000000003; };
		F00000000000000000000016 = { isa = PBXBuildFile; fileRef = D00000000000000000000005; };
		F00000000000000000000017 = { isa = PBXBuildFile; fileRef = D00000000000000000000007; };
		F00000000000000000000018 = { isa = PBXBuildFile; fileRef = E00000000000000000000001; };
		F00000000000000000000019 = { isa = PBXBuildFile; fileRef = E00000000000000000000003; };
		F0000000000000000000001A = { isa = PBXBuildFile; fileRef = E00000000000000000000005; };
		F0000000000000000000001B = { isa = PBXBuildFile; fileRef = F00000000000000000000002; };
		F0000000000000000000001D = { isa = PBXBuildFile; fileRef = A00000000000000000000011; };
		F0000000000000000000001E = { isa = PBXBuildFile; productRef = A00000000000000000000018; };
		F00000000000000000000025 = { isa = PBXBuildFile; fileRef = F00000000000000000000003; };
		F00000000000000000000026 = { isa = PBXBuildFile; fileRef = F00000000000000000000004; };
		F00000000000000000000027 = { isa = PBXBuildFile; fileRef = F00000000000000000000005; };
B4F96F3F206447C09C736378 = {isa = PBXBuildFile; fileRef = 02C09A17FD8E491F8993F637; };
23F871D1F3384600886B42E3 = {isa = PBXBuildFile; fileRef = 02C09A17FD8E491F8993F637; };
402B8EEBEE404D8F8AA91998 = {isa = PBXBuildFile; fileRef = 5990661346554AFD8787464B; };
F385D7893A924222872C4510 = {isa = PBXBuildFile; fileRef = 5990661346554AFD8787464B; };
AB6F604D750F4214A401D781 = {isa = PBXBuildFile; fileRef = 0C1A6DD6A48D4628B1C530CA; };
1E6595B3BC0C422DA2EBD671 = {isa = PBXBuildFile; fileRef = 0C1A6DD6A48D4628B1C530CA; };
4D79B1823AEA4C4FB2ADC514 = {isa = PBXBuildFile; fileRef = 23AAE2062FAE4BBBB1674E71; };
E7A5A28EC9D6456CA8DEC29B = {isa = PBXBuildFile; fileRef = 23AAE2062FAE4BBBB1674E71; };
/* End PBXBuildFile section */

/* Begin PBXFileReference section */
		A00000000000000000000015 /* Assets.xcassets */ = {isa = PBXFileReference; lastKnownFileType = folder.assetcatalog; path = Assets.xcassets; sourceTree = "<group>"; };
		A00000000000000000000002 /* main.swift */ = {isa = PBXFileReference; lastKnownFileType = sourcecode.swift; path = main.swift; sourceTree = "<group>"; };
		A00000000000000000000003 /* Velocitty.app */ = {isa = PBXFileReference; explicitFileType = wrapper.application; includeInIndex = 0; path = Velocitty.app; sourceTree = BUILT_PRODUCTS_DIR; };
		A00000000000000000000011 /* libvelokit.a */ = {isa = PBXFileReference; explicitFileType = archive.ar; name = libvelokit.a; path = "VeloKit/$(CONFIGURATION)/lib/libvelokit.a"; sourceTree = BUILD_DIR; };
		B00000000000000000000001 = {isa = PBXFileReference; lastKnownFileType = sourcecode.swift; path = RuntimeContext.swift; sourceTree = "<group>"; };
		B00000000000000000000003 = {isa = PBXFileReference; lastKnownFileType = sourcecode.swift; path = TerminalRuntime.swift; sourceTree = "<group>"; };
		B00000000000000000000005 = {isa = PBXFileReference; lastKnownFileType = sourcecode.swift; path = TerminalView.swift; sourceTree = "<group>"; };
		B00000000000000000000007 = {isa = PBXFileReference; lastKnownFileType = sourcecode.swift; path = AppDelegate.swift; sourceTree = "<group>"; };
        C00000000000000000000003 = {isa = PBXFileReference; lastKnownFileType = folder; name = "shell-integration"; path = "../VeloKit/src/shell-integration"; sourceTree = SOURCE_ROOT; };
        C00000000000000000000005 = {isa = PBXFileReference; lastKnownFileType = folder; name = terminfo; path = "VeloKit/$(CONFIGURATION)/share/terminfo"; sourceTree = BUILD_DIR; };
        D00000000000000000000001 = {isa = PBXFileReference; lastKnownFileType = sourcecode.swift; path = TerminalChrome.swift; sourceTree = "<group>"; };
        D00000000000000000000003 = {isa = PBXFileReference; lastKnownFileType = sourcecode.swift; path = CommandPalette.swift; sourceTree = "<group>"; };
        D00000000000000000000005 = {isa = PBXFileReference; lastKnownFileType = sourcecode.swift; path = GlobalShortcuts.swift; sourceTree = "<group>"; };
        D00000000000000000000007 = {isa = PBXFileReference; lastKnownFileType = sourcecode.swift; path = NativeSettings.swift; sourceTree = "<group>"; };
        D00000000000000000000009 = {isa = PBXFileReference; lastKnownFileType = text.plist.xml; path = Info.plist; sourceTree = "<group>"; };
        E00000000000000000000001 = {isa = PBXFileReference; lastKnownFileType = sourcecode.swift; path = TerminalLinks.swift; sourceTree = "<group>"; };
        E00000000000000000000003 = {isa = PBXFileReference; lastKnownFileType = sourcecode.swift; path = TerminalClipboard.swift; sourceTree = "<group>"; };
        E00000000000000000000005 = {isa = PBXFileReference; lastKnownFileType = sourcecode.swift; path = TerminalSession.swift; sourceTree = "<group>"; };
		F00000000000000000000001 = { isa = PBXFileReference; lastKnownFileType = sourcecode.c.c; path = "EngineTests/Configuration.c"; sourceTree = "SOURCE_ROOT"; };
		F00000000000000000000002 = { isa = PBXFileReference; lastKnownFileType = sourcecode.swift; path = "WindowTests/main.swift"; sourceTree = "SOURCE_ROOT"; };
		F00000000000000000000003 = { isa = PBXFileReference; lastKnownFileType = sourcecode.swift; path = "IntegrationTests/CheckProcess.swift"; sourceTree = "SOURCE_ROOT"; };
		F00000000000000000000004 = { isa = PBXFileReference; lastKnownFileType = sourcecode.swift; path = "IntegrationTests/EngineTests.swift"; sourceTree = "SOURCE_ROOT"; };
		F00000000000000000000005 = { isa = PBXFileReference; lastKnownFileType = sourcecode.swift; path = "IntegrationTests/WindowTests.swift"; sourceTree = "SOURCE_ROOT"; };
		F00000000000000000000006 = { isa = PBXFileReference; explicitFileType = compiled.mach-o.executable; includeInIndex = 0; path = EngineChecks; sourceTree = BUILT_PRODUCTS_DIR; };
		F0000000000000000000000F = { isa = PBXFileReference; explicitFileType = compiled.mach-o.executable; includeInIndex = 0; path = WindowChecks; sourceTree = BUILT_PRODUCTS_DIR; };
		F00000000000000000000024 = { isa = PBXFileReference; explicitFileType = wrapper.cfbundle; includeInIndex = 0; path = VelocittyTests.xctest; sourceTree = BUILT_PRODUCTS_DIR; };
        F00000000000000000000035 = {isa = PBXFileReference; lastKnownFileType = text; path = Core.xctestplan; sourceTree = SOURCE_ROOT; };
        F00000000000000000000036 = {isa = PBXFileReference; lastKnownFileType = text; path = GUI.xctestplan; sourceTree = SOURCE_ROOT; };
02C09A17FD8E491F8993F637 = {isa = PBXFileReference; lastKnownFileType = sourcecode.swift; path = ConfigurationEditor.swift; sourceTree = "<group>"; };
5990661346554AFD8787464B = {isa = PBXFileReference; lastKnownFileType = sourcecode.swift; path = WindowAppearance.swift; sourceTree = "<group>"; };
0C1A6DD6A48D4628B1C530CA = {isa = PBXFileReference; lastKnownFileType = sourcecode.swift; path = ApplicationPresentation.swift; sourceTree = "<group>"; };
23AAE2062FAE4BBBB1674E71 = {isa = PBXFileReference; lastKnownFileType = sourcecode.swift; path = TerminalProgress.swift; sourceTree = "<group>"; };
/* End PBXFileReference section */

/* Begin PBXGroup section */
		A00000000000000000000004 = {
			isa = PBXGroup;
			children = (
				A00000000000000000000005 /* Velocitty */,
				A00000000000000000000012 /* Frameworks */,
				A00000000000000000000006 /* Products */,
                F00000000000000000000034,
			);
			sourceTree = "<group>";
		};
		A00000000000000000000005 /* Velocitty */ = {
			isa = PBXGroup;
			children = (
				A00000000000000000000002 /* main.swift */,
				B00000000000000000000007,
23AAE2062FAE4BBBB1674E71,
0C1A6DD6A48D4628B1C530CA,
5990661346554AFD8787464B,
02C09A17FD8E491F8993F637,
                D00000000000000000000009,
                D00000000000000000000007,
                E00000000000000000000001,
                E00000000000000000000003,
                E00000000000000000000005,
                D00000000000000000000005,
                D00000000000000000000003,
                D00000000000000000000001,
				B00000000000000000000005,
				B00000000000000000000003,
				B00000000000000000000001,
				A00000000000000000000015 /* Assets.xcassets */,
			);
			path = Velocitty;
			sourceTree = "<group>";
		};
		A00000000000000000000006 /* Products */ = {
			isa = PBXGroup;
			children = (
				A00000000000000000000003 /* Velocitty.app */,
                F00000000000000000000006,
                F0000000000000000000000F,
                F00000000000000000000024,
			);
			name = Products;
			sourceTree = "<group>";
		};
		A00000000000000000000012 /* Frameworks */ = {
			isa = PBXGroup;
			children = (
				A00000000000000000000011 /* libvelokit.a */,
			);
			name = Frameworks;
			sourceTree = "<group>";
		};
		F00000000000000000000034 = { isa = PBXGroup; children = (F00000000000000000000001, F00000000000000000000002, F00000000000000000000003, F00000000000000000000004, F00000000000000000000005, F00000000000000000000035, F00000000000000000000036); name = Tests; sourceTree = "<group>"; };
/* End PBXGroup section */

/* Begin PBXFrameworksBuildPhase section */
		A00000000000000000000013 /* Frameworks */ = {
			isa = PBXFrameworksBuildPhase;
			buildActionMask = 2147483647;
			files = (
				A00000000000000000000010 /* libvelokit.a in Frameworks */,
				A00000000000000000000019 /* VelocittyConfiguration in Frameworks */,
			);
			runOnlyForDeploymentPostprocessing = 0;
		};
		F0000000000000000000000A = { isa = PBXFrameworksBuildPhase; buildActionMask = 2147483647; files = (F00000000000000000000009); runOnlyForDeploymentPostprocessing = 0; };
		F0000000000000000000001F = { isa = PBXFrameworksBuildPhase; buildActionMask = 2147483647; files = (F0000000000000000000001D, F0000000000000000000001E); runOnlyForDeploymentPostprocessing = 0; };
		F00000000000000000000029 = { isa = PBXFrameworksBuildPhase; buildActionMask = 2147483647; files = (); runOnlyForDeploymentPostprocessing = 0; };
/* End PBXFrameworksBuildPhase section */

/* Begin PBXNativeTarget section */
		A00000000000000000000007 /* Velocitty */ = {
			isa = PBXNativeTarget;
			buildConfigurationList = A0000000000000000000000B /* Build configuration list for PBXNativeTarget "Velocitty" */;
			buildPhases = (
				A00000000000000000000008 /* Sources */,
				A00000000000000000000016 /* Resources */,
				A00000000000000000000013 /* Frameworks */,
			);
			buildRules = (
			);
			dependencies = (
                D10000000000000000000007,
			);
			name = Velocitty;
			packageProductDependencies = (A00000000000000000000018 /* VelocittyConfiguration */);
			productName = Velocitty;
			productReference = A00000000000000000000003 /* Velocitty.app */;
			productType = "com.apple.product-type.application";
		};
		F0000000000000000000000E = { isa = PBXNativeTarget; buildConfigurationList = F0000000000000000000000D; buildPhases = (F00000000000000000000008, F0000000000000000000000A); buildRules = (); dependencies = (D10000000000000000000007); name = EngineChecks; packageProductDependencies = (); productName = EngineChecks; productReference = F00000000000000000000006; productType = "com.apple.product-type.tool"; };
		F00000000000000000000023 = { isa = PBXNativeTarget; buildConfigurationList = F00000000000000000000022; buildPhases = (F0000000000000000000001C, F0000000000000000000001F); buildRules = (); dependencies = (D10000000000000000000007); name = WindowChecks; packageProductDependencies = (A00000000000000000000018); productName = WindowChecks; productReference = F0000000000000000000000F; productType = "com.apple.product-type.tool"; };
		F00000000000000000000033 = { isa = PBXNativeTarget; buildConfigurationList = F0000000000000000000002C; buildPhases = (F00000000000000000000028, F00000000000000000000029); buildRules = (); dependencies = (F0000000000000000000002E, F00000000000000000000030, F00000000000000000000032); name = VelocittyTests; packageProductDependencies = (); productName = VelocittyTests; productReference = F00000000000000000000024; productType = "com.apple.product-type.bundle.unit-test"; };
/* End PBXNativeTarget section */

/* Begin PBXProject section */
		A00000000000000000000009 /* Project object */ = {
			isa = PBXProject;
			attributes = {
				BuildIndependentTargetsInParallel = YES;
				LastUpgradeCheck = 2700;
			};
			buildConfigurationList = A0000000000000000000000A /* Build configuration list for PBXProject "Velocitty" */;
			compatibilityVersion = "Xcode 14.0";
			developmentRegion = en;
			hasScannedForEncodings = 0;
			knownRegions = (
				en,
				Base,
			);
			mainGroup = A00000000000000000000004;
			productRefGroup = A00000000000000000000006 /* Products */;
			packageReferences = (A00000000000000000000017 /* Local configuration package */);
			projectDirPath = "";
			projectRoot = "";
			targets = (
				A00000000000000000000007 /* Velocitty */,
                D10000000000000000000001,
                F0000000000000000000000E,
                F00000000000000000000023,
                F00000000000000000000033,
			);
		};
/* End PBXProject section */

/* Begin PBXResourcesBuildPhase section */
		A00000000000000000000016 /* Resources */ = {
			isa = PBXResourcesBuildPhase;
			buildActionMask = 2147483647;
			files = (
                C00000000000000000000002,
                C00000000000000000000004,
				A00000000000000000000014 /* Assets.xcassets in Resources */,
			);
			runOnlyForDeploymentPostprocessing = 0;
		};
/* End PBXResourcesBuildPhase section */

/* Begin PBXSourcesBuildPhase section */
		A00000000000000000000008 /* Sources */ = {
			isa = PBXSourcesBuildPhase;
			buildActionMask = 2147483647;
			files = (
                D00000000000000000000008,
                E00000000000000000000002,
                E00000000000000000000004,
                E00000000000000000000006,
                D00000000000000000000006,
                D00000000000000000000004,
                D00000000000000000000002,
				A00000000000000000000001 /* main.swift in Sources */,
				B00000000000000000000008,
4D79B1823AEA4C4FB2ADC514,
AB6F604D750F4214A401D781,
402B8EEBEE404D8F8AA91998,
B4F96F3F206447C09C736378,
				B00000000000000000000006,
				B00000000000000000000004,
				B00000000000000000000002,
			);
			runOnlyForDeploymentPostprocessing = 0;
		};
		F00000000000000000000008 = { isa = PBXSourcesBuildPhase; buildActionMask = 2147483647; files = (F00000000000000000000007); runOnlyForDeploymentPostprocessing = 0; };
		F0000000000000000000001C = { isa = PBXSourcesBuildPhase; buildActionMask = 2147483647; files = (E7A5A28EC9D6456CA8DEC29B, 1E6595B3BC0C422DA2EBD671, F385D7893A924222872C4510, 23F871D1F3384600886B42E3, F00000000000000000000010, F00000000000000000000011, F00000000000000000000012, F00000000000000000000013, F00000000000000000000014, F00000000000000000000015, F00000000000000000000016, F00000000000000000000017, F00000000000000000000018, F00000000000000000000019, F0000000000000000000001A, F0000000000000000000001B); runOnlyForDeploymentPostprocessing = 0; };
		F00000000000000000000028 = { isa = PBXSourcesBuildPhase; buildActionMask = 2147483647; files = (F00000000000000000000025, F00000000000000000000026, F00000000000000000000027); runOnlyForDeploymentPostprocessing = 0; };
/* End PBXSourcesBuildPhase section */

/* Begin XCBuildConfiguration section */
		A0000000000000000000000C /* Debug */ = {
			isa = XCBuildConfiguration;
			buildSettings = {
                ARCHS = arm64;
                VELOKIT_BUILD_DIR = "$(BUILD_DIR)/VeloKit/$(CONFIGURATION)";
                HEADER_SEARCH_PATHS = ("$(inherited)", "$(VELOKIT_BUILD_DIR)/include");
                LIBRARY_SEARCH_PATHS = ("$(inherited)", "$(VELOKIT_BUILD_DIR)/lib");
                SWIFT_INCLUDE_PATHS = ("$(inherited)", "$(VELOKIT_BUILD_DIR)/include");
					CLANG_ENABLE_MODULES = YES;
					CLANG_ENABLE_OBJC_ARC = YES;
				CLANG_WARN_BLOCK_CAPTURE_AUTORELEASING = YES;
				CLANG_WARN_BOOL_CONVERSION = YES;
				CLANG_WARN_COMMA = YES;
				CLANG_WARN_CONSTANT_CONVERSION = YES;
				CLANG_WARN_DEPRECATED_OBJC_IMPLEMENTATIONS = YES;
				CLANG_WARN_EMPTY_BODY = YES;
				CLANG_WARN_ENUM_CONVERSION = YES;
				CLANG_WARN_INFINITE_RECURSION = YES;
				CLANG_WARN_INT_CONVERSION = YES;
				CLANG_WARN_NON_LITERAL_NULL_CONVERSION = YES;
				CLANG_WARN_OBJC_IMPLICIT_RETAIN_SELF = YES;
				CLANG_WARN_OBJC_LITERAL_CONVERSION = YES;
				CLANG_WARN_QUOTED_INCLUDE_IN_FRAMEWORK_HEADER = YES;
				CLANG_WARN_RANGE_LOOP_ANALYSIS = YES;
				CLANG_WARN_STRICT_PROTOTYPES = YES;
				CLANG_WARN_SUSPICIOUS_MOVE = YES;
				CLANG_WARN_UNREACHABLE_CODE = YES;
				CLANG_WARN__DUPLICATE_METHOD_MATCH = YES;
				DEAD_CODE_STRIPPING = YES;
				ENABLE_STRICT_OBJC_MSGSEND = YES;
				ENABLE_TESTABILITY = YES;
				ENABLE_USER_SCRIPT_SANDBOXING = YES;
				GCC_NO_COMMON_BLOCKS = YES;
				GCC_WARN_64_TO_32_BIT_CONVERSION = YES;
				GCC_WARN_ABOUT_RETURN_TYPE = YES;
				GCC_WARN_UNDECLARED_SELECTOR = YES;
				GCC_WARN_UNINITIALIZED_AUTOS = YES;
				GCC_WARN_UNUSED_FUNCTION = YES;
				GCC_WARN_UNUSED_VARIABLE = YES;
					MACOSX_DEPLOYMENT_TARGET = 13.0;
					OTHER_LDFLAGS = (
						"-framework",
						Metal,
						"-framework",
						QuartzCore,
						"-framework",
						CoreText,
						"-framework",
						IOSurface,
						"-framework",
						Carbon,
						"-lc++",
					);
				ONLY_ACTIVE_ARCH = YES;
				SDKROOT = macosx;
				STRING_CATALOG_GENERATE_SYMBOLS = YES;
				SWIFT_ACTIVE_COMPILATION_CONDITIONS = DEBUG;
				SWIFT_OPTIMIZATION_LEVEL = "-Onone";
				SWIFT_VERSION = 5.0;
			};
			name = Debug;
		};
		A0000000000000000000000D /* Release */ = {
			isa = XCBuildConfiguration;
			buildSettings = {
                ARCHS = arm64;
                VELOKIT_BUILD_DIR = "$(BUILD_DIR)/VeloKit/$(CONFIGURATION)";
                HEADER_SEARCH_PATHS = ("$(inherited)", "$(VELOKIT_BUILD_DIR)/include");
                LIBRARY_SEARCH_PATHS = ("$(inherited)", "$(VELOKIT_BUILD_DIR)/lib");
                SWIFT_INCLUDE_PATHS = ("$(inherited)", "$(VELOKIT_BUILD_DIR)/include");
				CLANG_ENABLE_MODULES = YES;
				CLANG_WARN_BLOCK_CAPTURE_AUTORELEASING = YES;
				CLANG_WARN_BOOL_CONVERSION = YES;
				CLANG_WARN_COMMA = YES;
				CLANG_WARN_CONSTANT_CONVERSION = YES;
				CLANG_WARN_DEPRECATED_OBJC_IMPLEMENTATIONS = YES;
				CLANG_WARN_EMPTY_BODY = YES;
				CLANG_WARN_ENUM_CONVERSION = YES;
				CLANG_WARN_INFINITE_RECURSION = YES;
				CLANG_WARN_INT_CONVERSION = YES;
				CLANG_WARN_NON_LITERAL_NULL_CONVERSION = YES;
				CLANG_WARN_OBJC_IMPLICIT_RETAIN_SELF = YES;
				CLANG_WARN_OBJC_LITERAL_CONVERSION = YES;
				CLANG_WARN_QUOTED_INCLUDE_IN_FRAMEWORK_HEADER = YES;
				CLANG_WARN_RANGE_LOOP_ANALYSIS = YES;
				CLANG_WARN_STRICT_PROTOTYPES = YES;
				CLANG_WARN_SUSPICIOUS_MOVE = YES;
				CLANG_WARN_UNREACHABLE_CODE = YES;
				CLANG_WARN__DUPLICATE_METHOD_MATCH = YES;
				DEAD_CODE_STRIPPING = YES;
				ENABLE_STRICT_OBJC_MSGSEND = YES;
				ENABLE_USER_SCRIPT_SANDBOXING = YES;
				GCC_NO_COMMON_BLOCKS = YES;
				GCC_WARN_64_TO_32_BIT_CONVERSION = YES;
				GCC_WARN_ABOUT_RETURN_TYPE = YES;
				GCC_WARN_UNDECLARED_SELECTOR = YES;
				GCC_WARN_UNINITIALIZED_AUTOS = YES;
				GCC_WARN_UNUSED_FUNCTION = YES;
				GCC_WARN_UNUSED_VARIABLE = YES;
					MACOSX_DEPLOYMENT_TARGET = 13.0;
					OTHER_LDFLAGS = (
						"-framework",
						Metal,
						"-framework",
						QuartzCore,
						"-framework",
						CoreText,
						"-framework",
						IOSurface,
						"-framework",
						Carbon,
						"-lc++",
					);
				SDKROOT = macosx;
				STRING_CATALOG_GENERATE_SYMBOLS = YES;
				SWIFT_COMPILATION_MODE = wholemodule;
				SWIFT_OPTIMIZATION_LEVEL = "-O";
				SWIFT_VERSION = 5.0;
			};
			name = Release;
		};
		A0000000000000000000000E /* Debug */ = {
			isa = XCBuildConfiguration;
			buildSettings = {
				ASSETCATALOG_COMPILER_APPICON_NAME = AppIcon;
				CLANG_ENABLE_OBJC_WEAK = YES;
				CODE_SIGN_IDENTITY = "-";
				CODE_SIGN_STYLE = Manual;
				DEAD_CODE_STRIPPING = YES;
				GENERATE_INFOPLIST_FILE = YES;
                INFOPLIST_FILE = Velocitty/Info.plist;
				INFOPLIST_KEY_NSHighResolutionCapable = YES;
				MACOSX_DEPLOYMENT_TARGET = 13.0;
				MARKETING_VERSION = 0.1.0;
				CURRENT_PROJECT_VERSION = 1;
				PRODUCT_BUNDLE_IDENTIFIER = app.velocitty;
				PRODUCT_NAME = "$(TARGET_NAME)";
			};
			name = Debug;
		};
		A0000000000000000000000F /* Release */ = {
			isa = XCBuildConfiguration;
			buildSettings = {
				ASSETCATALOG_COMPILER_APPICON_NAME = AppIcon;
				CLANG_ENABLE_OBJC_WEAK = YES;
				CODE_SIGN_IDENTITY = "-";
				CODE_SIGN_STYLE = Manual;
				DEAD_CODE_STRIPPING = YES;
				GENERATE_INFOPLIST_FILE = YES;
                INFOPLIST_FILE = Velocitty/Info.plist;
				INFOPLIST_KEY_NSHighResolutionCapable = YES;
				MACOSX_DEPLOYMENT_TARGET = 13.0;
				MARKETING_VERSION = 0.1.0;
				CURRENT_PROJECT_VERSION = 1;
				PRODUCT_BUNDLE_IDENTIFIER = app.velocitty;
				PRODUCT_NAME = "$(TARGET_NAME)";
			};
			name = Release;
		};
		F0000000000000000000000B = { isa = XCBuildConfiguration; buildSettings = { ARCHS = arm64; CODE_SIGN_IDENTITY = "-"; CODE_SIGN_STYLE = Manual; PRODUCT_NAME = "$(TARGET_NAME)"; OTHER_LDFLAGS = ("$(inherited)", "-framework", AppKit); GCC_PREPROCESSOR_DEFINITIONS = ("$(inherited)"); OTHER_CFLAGS = ("$(inherited)", "-UNDEBUG"); SWIFT_OPTIMIZATION_LEVEL = "-Onone";  }; name = Debug; };
		F0000000000000000000000C = { isa = XCBuildConfiguration; buildSettings = { ARCHS = arm64; CODE_SIGN_IDENTITY = "-"; CODE_SIGN_STYLE = Manual; PRODUCT_NAME = "$(TARGET_NAME)"; OTHER_LDFLAGS = ("$(inherited)", "-framework", AppKit); GCC_PREPROCESSOR_DEFINITIONS = ("$(inherited)"); OTHER_CFLAGS = ("$(inherited)", "-UNDEBUG"); SWIFT_OPTIMIZATION_LEVEL = "-Onone";  }; name = Release; };
		F00000000000000000000020 = { isa = XCBuildConfiguration; buildSettings = { ARCHS = arm64; CODE_SIGN_IDENTITY = "-"; CODE_SIGN_STYLE = Manual; PRODUCT_NAME = "$(TARGET_NAME)"; OTHER_LDFLAGS = ("$(inherited)", "-framework", AppKit); GCC_PREPROCESSOR_DEFINITIONS = ("$(inherited)"); OTHER_CFLAGS = ("$(inherited)", "-UNDEBUG"); SWIFT_OPTIMIZATION_LEVEL = "-Onone";  }; name = Debug; };
		F00000000000000000000021 = { isa = XCBuildConfiguration; buildSettings = { ARCHS = arm64; CODE_SIGN_IDENTITY = "-"; CODE_SIGN_STYLE = Manual; PRODUCT_NAME = "$(TARGET_NAME)"; OTHER_LDFLAGS = ("$(inherited)", "-framework", AppKit); GCC_PREPROCESSOR_DEFINITIONS = ("$(inherited)"); OTHER_CFLAGS = ("$(inherited)", "-UNDEBUG"); SWIFT_OPTIMIZATION_LEVEL = "-Onone";  }; name = Release; };
		F0000000000000000000002A = { isa = XCBuildConfiguration; buildSettings = { ARCHS = arm64; CODE_SIGN_IDENTITY = "-"; CODE_SIGN_STYLE = Manual; PRODUCT_NAME = "$(TARGET_NAME)"; GENERATE_INFOPLIST_FILE = YES; PRODUCT_BUNDLE_IDENTIFIER = app.velocitty.tests; SWIFT_VERSION = 5.0; GCC_PREPROCESSOR_DEFINITIONS = ("$(inherited)"); OTHER_CFLAGS = ("$(inherited)", "-UNDEBUG"); SWIFT_OPTIMIZATION_LEVEL = "-Onone";  }; name = Debug; };
		F0000000000000000000002B = { isa = XCBuildConfiguration; buildSettings = { ARCHS = arm64; CODE_SIGN_IDENTITY = "-"; CODE_SIGN_STYLE = Manual; PRODUCT_NAME = "$(TARGET_NAME)"; GENERATE_INFOPLIST_FILE = YES; PRODUCT_BUNDLE_IDENTIFIER = app.velocitty.tests; SWIFT_VERSION = 5.0; GCC_PREPROCESSOR_DEFINITIONS = ("$(inherited)"); OTHER_CFLAGS = ("$(inherited)", "-UNDEBUG"); SWIFT_OPTIMIZATION_LEVEL = "-Onone";  }; name = Release; };
        D10000000000000000000004 = {isa = XCBuildConfiguration; buildSettings = {ENABLE_USER_SCRIPT_SANDBOXING = NO; }; name = Debug; };
        D10000000000000000000005 = {isa = XCBuildConfiguration; buildSettings = {ENABLE_USER_SCRIPT_SANDBOXING = NO; }; name = Release; };
/* End XCBuildConfiguration section */

/* Begin XCLocalSwiftPackageReference section */
        A00000000000000000000017 = {isa = XCLocalSwiftPackageReference; relativePath = "."; };
/* End XCLocalSwiftPackageReference section */

/* Begin XCSwiftPackageProductDependency section */
        A00000000000000000000018 /* VelocittyConfiguration */ = {isa = XCSwiftPackageProductDependency; productName = VelocittyConfiguration; };
/* End XCSwiftPackageProductDependency section */

/* Begin XCConfigurationList section */
		A0000000000000000000000A /* Build configuration list for PBXProject "Velocitty" */ = {
			isa = XCConfigurationList;
			buildConfigurations = (
				A0000000000000000000000C /* Debug */,
				A0000000000000000000000D /* Release */,
			);
			defaultConfigurationIsVisible = 0;
			defaultConfigurationName = Release;
		};
		A0000000000000000000000B /* Build configuration list for PBXNativeTarget "Velocitty" */ = {
			isa = XCConfigurationList;
			buildConfigurations = (
				A0000000000000000000000E /* Debug */,
				A0000000000000000000000F /* Release */,
			);
			defaultConfigurationIsVisible = 0;
			defaultConfigurationName = Release;
		};
		F0000000000000000000000D = { isa = XCConfigurationList; buildConfigurations = (F0000000000000000000000B, F0000000000000000000000C); defaultConfigurationIsVisible = 0; defaultConfigurationName = Debug; };
		F00000000000000000000022 = { isa = XCConfigurationList; buildConfigurations = (F00000000000000000000020, F00000000000000000000021); defaultConfigurationIsVisible = 0; defaultConfigurationName = Debug; };
		F0000000000000000000002C = { isa = XCConfigurationList; buildConfigurations = (F0000000000000000000002A, F0000000000000000000002B); defaultConfigurationIsVisible = 0; defaultConfigurationName = Debug; };
        D10000000000000000000003 = {isa = XCConfigurationList; buildConfigurations = (D10000000000000000000004, D10000000000000000000005); defaultConfigurationIsVisible = 0; defaultConfigurationName = Release; };
/* End XCConfigurationList section */
/* Begin PBXContainerItemProxy section */
		F0000000000000000000002D = { isa = PBXContainerItemProxy; containerPortal = A00000000000000000000009; proxyType = 1; remoteGlobalIDString = A00000000000000000000007; remoteInfo = Velocitty; };
		F0000000000000000000002F = { isa = PBXContainerItemProxy; containerPortal = A00000000000000000000009; proxyType = 1; remoteGlobalIDString = F0000000000000000000000E; remoteInfo = EngineChecks; };
		F00000000000000000000031 = { isa = PBXContainerItemProxy; containerPortal = A00000000000000000000009; proxyType = 1; remoteGlobalIDString = F00000000000000000000023; remoteInfo = WindowChecks; };
        D10000000000000000000006 = {isa = PBXContainerItemProxy; containerPortal = A00000000000000000000009; proxyType = 1; remoteGlobalIDString = D10000000000000000000001; remoteInfo = VeloKitEngine; };
/* End PBXContainerItemProxy section */
/* Begin PBXTargetDependency section */
		F0000000000000000000002E = { isa = PBXTargetDependency; target = A00000000000000000000007; targetProxy = F0000000000000000000002D; };
		F00000000000000000000030 = { isa = PBXTargetDependency; target = F0000000000000000000000E; targetProxy = F0000000000000000000002F; };
		F00000000000000000000032 = { isa = PBXTargetDependency; target = F00000000000000000000023; targetProxy = F00000000000000000000031; };
        D10000000000000000000007 = {isa = PBXTargetDependency; target = D10000000000000000000001; targetProxy = D10000000000000000000006; };
/* End PBXTargetDependency section */
/* Begin PBXAggregateTarget section */
        D10000000000000000000001 /* VeloKitEngine */ = {isa = PBXAggregateTarget; buildConfigurationList = D10000000000000000000003; buildPhases = (D10000000000000000000002); dependencies = (); name = VeloKitEngine; productName = VeloKitEngine; };
/* End PBXAggregateTarget section */
/* Begin PBXShellScriptBuildPhase section */
        D10000000000000000000002 = {isa = PBXShellScriptBuildPhase; alwaysOutOfDate = 1; buildActionMask = 2147483647; files = (); inputPaths = (); name = "Build VeloKit"; outputPaths = ("$(VELOKIT_BUILD_DIR)/lib/libvelokit.a", "$(VELOKIT_BUILD_DIR)/include/velokit.h", "$(VELOKIT_BUILD_DIR)/include/module.modulemap", "$(VELOKIT_BUILD_DIR)/share/terminfo"); runOnlyForDeploymentPostprocessing = 0; shellPath = /bin/sh; shellScript = "set -eu\n# Xcode launched from Finder does not inherit an interactive shell's PATH.\nexport PATH=\"$PATH:/opt/homebrew/bin:/usr/local/bin:/run/current-system/sw/bin:$HOME/.nix-profile/bin:/etc/profiles/per-user/$USER/bin\"\nif ! command -v direnv >/dev/null 2>&1; then\n    echo \"error: direnv is required to build VeloKit. Install direnv and Nix, then run direnv allow VeloKit from the repo root.\" >&2\n    exit 1\nfi\ncd \"$SRCROOT/../VeloKit\"\nexec direnv exec . zig build -Doptimize=ReleaseFast --prefix \"$VELOKIT_BUILD_DIR\"\n"; };
/* End PBXShellScriptBuildPhase section */
	};
	rootObject = A00000000000000000000009 /* Project object */;
}
